
Microsoft Visual Studio Solution File, Format Version 12.00
Project("{FAE04EC0-301F-11D3-BF4B-00C04F79EFBC}") = "MinimalBFF", "src\MinimalBFF.csproj", "{43F336BA-2ABA-4767-98AB-34C59D95F7EE}"
EndProject
Global
	GlobalSection(SolutionConfigurationPlatforms) = preSolution
		Debug|Any CPU = Debug|Any CPU
		Release|Any CPU = Release|Any CPU
	EndGlobalSection
	GlobalSection(ProjectConfigurationPlatforms) = postSolution
		{43F336BA-2ABA-4767-98AB-34C59D95F7EE}.Debug|Any CPU.ActiveCfg = Debug|Any CPU
		{43F336BA-2ABA-4767-98AB-34C59D95F7EE}.Debug|Any CPU.Build.0 = Debug|Any CPU
		{43F336BA-2ABA-4767-98AB-34C59D95F7EE}.Release|Any CPU.ActiveCfg = Release|Any CPU
		{43F336BA-2ABA-4767-98AB-34C59D95F7EE}.Release|Any CPU.Build.0 = Release|Any CPU
	EndGlobalSection
EndGlobal
